
Microsoft Visual Studio Solution File, Format Version 12.00
# Visual Studio 15
VisualStudioVersion = 15.0.27428.1
MinimumVisualStudioVersion = 10.0.40219.1
Project("{9A19103F-16F7-4668-BE54-9A1E7A4F7556}") = "Nethereum.UI", "Nethereum.UI\Nethereum.UI.csproj", "{B9DBE599-1AA8-4041-A047-67EEC05E7735}"
EndProject
Project("{9A19103F-16F7-4668-BE54-9A1E7A4F7556}") = "Nethereum.UI.Desktop", "Nethereum.UI.Desktop\Nethereum.UI.Desktop.csproj", "{F98A5CEE-AD7E-4D5C-8219-3CE2155CEE53}"
EndProject
Project("{9A19103F-16F7-4668-BE54-9A1E7A4F7556}") = "Nethereum.StandardToken.UI", "Nethereum.StandardToken.UI\Nethereum.StandardToken.UI.csproj", "{E1ECFE47-6E5F-4908-A2DE-0E473F77D326}"
EndProject
Global
	GlobalSection(SolutionConfigurationPlatforms) = preSolution
		Debug|Any CPU = Debug|Any CPU
		Release|Any CPU = Release|Any CPU
	EndGlobalSection
	GlobalSection(ProjectConfigurationPlatforms) = postSolution
		{B9DBE599-1AA8-4041-A047-67EEC05E7735}.Debug|Any CPU.ActiveCfg = Debug|Any CPU
		{B9DBE599-1AA8-4041-A047-67EEC05E7735}.Debug|Any CPU.Build.0 = Debug|Any CPU
		{B9DBE599-1AA8-4041-A047-67EEC05E7735}.Release|Any CPU.ActiveCfg = Release|Any CPU
		{B9DBE599-1AA8-4041-A047-67EEC05E7735}.Release|Any CPU.Build.0 = Release|Any CPU
		{F98A5CEE-AD7E-4D5C-8219-3CE2155CEE53}.Debug|Any CPU.ActiveCfg = Debug|Any CPU
		{F98A5CEE-AD7E-4D5C-8219-3CE2155CEE53}.Debug|Any CPU.Build.0 = Debug|Any CPU
		{F98A5CEE-AD7E-4D5C-8219-3CE2155CEE53}.Release|Any CPU.ActiveCfg = Release|Any CPU
		{F98A5CEE-AD7E-4D5C-8219-3CE2155CEE53}.Release|Any CPU.Build.0 = Release|Any CPU
		{E1ECFE47-6E5F-4908-A2DE-0E473F77D326}.Debug|Any CPU.ActiveCfg = Debug|Any CPU
		{E1ECFE47-6E5F-4908-A2DE-0E473F77D326}.Debug|Any CPU.Build.0 = Debug|Any CPU
		{E1ECFE47-6E5F-4908-A2DE-0E473F77D326}.Release|Any CPU.ActiveCfg = Release|Any CPU
		{E1ECFE47-6E5F-4908-A2DE-0E473F77D326}.Release|Any CPU.Build.0 = Release|Any CPU
	EndGlobalSection
	GlobalSection(SolutionProperties) = preSolution
		HideSolutionNode = FALSE
	EndGlobalSection
	GlobalSection(ExtensibilityGlobals) = postSolution
		SolutionGuid = {B41D979A-7ADB-4C07-B27D-2DEFCF24BC23}
	EndGlobalSection
EndGlobal
